
Microsoft Visual Studio Solution File, Format Version 12.00
# Visual Studio Version 17
VisualStudioVersion = 17.14.36221.1 d17.14
MinimumVisualStudioVersion = 10.0.40219.1
Project("{888888A0-9F3D-457C-B088-3A5042F75D52}") = "FlaskJinjaPy", "FlaskJinjaPy.pyproj", "{7BE719E8-E47C-41D7-9E1E-655E68BFE369}"
EndProject
Global
	GlobalSection(SolutionConfigurationPlatforms) = preSolution
		Debug|Any CPU = Debug|Any CPU
		Release|Any CPU = Release|Any CPU
	EndGlobalSection
	GlobalSection(ProjectConfigurationPlatforms) = postSolution
		{7BE719E8-E47C-41D7-9E1E-655E68BFE369}.Debug|Any CPU.ActiveCfg = Debug|Any CPU
		{7BE719E8-E47C-41D7-9E1E-655E68BFE369}.Debug|Any CPU.Build.0 = Debug|Any CPU
		{7BE719E8-E47C-41D7-9E1E-655E68BFE369}.Release|Any CPU.ActiveCfg = Release|Any CPU
		{7BE719E8-E47C-41D7-9E1E-655E68BFE369}.Release|Any CPU.Build.0 = Release|Any CPU
	EndGlobalSection
	GlobalSection(SolutionProperties) = preSolution
		HideSolutionNode = FALSE
	EndGlobalSection
	GlobalSection(ExtensibilityGlobals) = postSolution
		SolutionGuid = {5E478F14-F952-4073-9B48-2E830132708D}
	EndGlobalSection
EndGlobal
